{
  "name": "Grafkom",
  "lockfileVersion": 3,
  "requires": true,
  "packages": {
    "": {
      "dependencies": {
        "three": "^0.152.2",
        "three-addons": "^1.2.0"
      }
    },
    "node_modules/three": {
      "version": "0.152.2",
      "resolved": "https://registry.npmjs.org/three/-/three-0.152.2.tgz",
      "integrity": "sha512-Ff9zIpSfkkqcBcpdiFo2f35vA9ZucO+N8TNacJOqaEE6DrB0eufItVMib8bK8Pcju/ZNT6a7blE1GhTpkdsILw=="
    },
    "node_modules/three-addons": {
      "version": "1.2.0",
      "resolved": "https://registry.npmjs.org/three-addons/-/three-addons-1.2.0.tgz",
      "integrity": "sha512-tmPGLtcsDb0Bt6bVU82y9KX0rdAzizr7t2rFjBecWq4pvfGMY3l+yCfvntGYeZGJ9cjsli10cHSWHsN1pTy4mA==",
      "dependencies": {
        "three": "^0.92.0"
      }
    },
    "node_modules/three-addons/node_modules/three": {
      "version": "0.92.0",
      "resolved": "https://registry.npmjs.org/three/-/three-0.92.0.tgz",
      "integrity": "sha512-yQzuwMDEyxc+TFHn8c+LtpK1Sqpy8I3FAr+1EoqqLmNmv6hjfFqB8PlYztRLuM4FMFb4hIbpUoP7Gc9bPQvkCg=="
    }
  }
}
